# This file is automatically @generated by Cargo.
# It is not intended for manual editing.
version = 4

[[package]]
name = "editio"
version = "0.1.0"

[[package]]
name = "editio-ast"
version = "0.1.0"

[[package]]
name = "editio-bib"
version = "0.1.0"

[[package]]
name = "editio-core"
version = "0.1.0"

[[package]]
name = "editio-layout"
version = "0.1.0"

[[package]]
name = "editio-math"
version = "0.1.0"

[[package]]
name = "editio-parser"
version = "0.1.0"

[[package]]
name = "editio-pdf"
version = "0.1.0"

[[package]]
name = "editio-render"
version = "0.1.0"
